
Microsoft Visual Studio Solution File, Format Version 12.00
# Visual Studio 2013
VisualStudioVersion = 12.0.40629.0
MinimumVisualStudioVersion = 10.0.40219.1
Project("{FAE04EC0-301F-11D3-BF4B-00C04F79EFBC}") = "TweeNaCl", "TweeNaCl.csproj", "{C68B2932-C122-4ED6-80B3-80E1D4AA02DA}"
EndProject
Project("{FAE04EC0-301F-11D3-BF4B-00C04F79EFBC}") = "TweetNaCl.Tests", "..\TweetNaCl.Tests\TweetNaCl.Tests.csproj", "{93DCE450-56A2-40A8-A156-0F76A2A04E67}"
EndProject
Global
	GlobalSection(SolutionConfigurationPlatforms) = preSolution
		Debug|Any CPU = Debug|Any CPU
		Release|Any CPU = Release|Any CPU
	EndGlobalSection
	GlobalSection(ProjectConfigurationPlatforms) = postSolution
		{C68B2932-C122-4ED6-80B3-80E1D4AA02DA}.Debug|Any CPU.ActiveCfg = Debug|Any CPU
		{C68B2932-C122-4ED6-80B3-80E1D4AA02DA}.Debug|Any CPU.Build.0 = Debug|Any CPU
		{C68B2932-C122-4ED6-80B3-80E1D4AA02DA}.Release|Any CPU.ActiveCfg = Release|Any CPU
		{C68B2932-C122-4ED6-80B3-80E1D4AA02DA}.Release|Any CPU.Build.0 = Release|Any CPU
		{93DCE450-56A2-40A8-A156-0F76A2A04E67}.Debug|Any CPU.ActiveCfg = Debug|Any CPU
		{93DCE450-56A2-40A8-A156-0F76A2A04E67}.Debug|Any CPU.Build.0 = Debug|Any CPU
		{93DCE450-56A2-40A8-A156-0F76A2A04E67}.Release|Any CPU.ActiveCfg = Release|Any CPU
		{93DCE450-56A2-40A8-A156-0F76A2A04E67}.Release|Any CPU.Build.0 = Release|Any CPU
	EndGlobalSection
	GlobalSection(SolutionProperties) = preSolution
		HideSolutionNode = FALSE
	EndGlobalSection
EndGlobal
